{
  "name": "intro_to_node",
  "version": "1.0.0",
  "lockfileVersion": 1,
  "requires": true,
  "dependencies": {
    "ansi-regex": {
      "version": "2.1.1",
      "resolved": "https://registry.npmjs.org/ansi-regex/-/ansi-regex-2.1.1.tgz",
      "integrity": "sha1-w7M6te42DYbg5ijwRorn7yfWVN8="
    },
    "ansi-styles": {
      "version": "2.2.1",
      "resolved": "https://registry.npmjs.org/ansi-styles/-/ansi-styles-2.2.1.tgz",
      "integrity": "sha1-tDLdM1i2NM914eRmQ2gkBTPB3b4="
    },
    "chalk": {
      "version": "1.1.3",
      "resolved": "https://registry.npmjs.org/chalk/-/chalk-1.1.3.tgz",
      "integrity": "sha1-qBFcVeSnAv5NFQq9OHKCKn4J/Jg=",
      "requires": {
        "ansi-styles": "^2.2.1",
        "escape-string-regexp": "^1.0.2",
        "has-ansi": "^2.0.0",
        "strip-ansi": "^3.0.0",
        "supports-color": "^2.0.0"
      }
    },
    "escape-string-regexp": {
      "version": "1.0.5",
      "resolved": "https://registry.npmjs.org/escape-string-regexp/-/escape-string-regexp-1.0.5.tgz",
      "integrity": "sha1-G2HAViGQqN/2rjuyzwIAyhMLhtQ="
    },
    "has-ansi": {
      "version": "2.0.0",
      "resolved": "https://registry.npmjs.org/has-ansi/-/has-ansi-2.0.0.tgz",
      "integrity": "sha1-NPUEnOHs3ysGSa8+8k5F7TVBbZE=",
      "requires": {
        "ansi-regex": "^2.0.0"
      }
    },
    "lodash": {
      "version": "4.17.21",
      "resolved": "https://registry.npmjs.org/lodash/-/lodash-4.17.21.tgz",
      "integrity": "sha512-v2kDEe57lecTulaDIuNTPy3Ry4gLGJ6Z1O3vE1krgXZNrsQ+LFTGHVxVjcXPs17LhbZVGedAJv8XZ1tvj5FvSg=="
    },
    "popular-movie-quotes": {
      "version": "1.2.4",
      "resolved": "https://registry.npmjs.org/popular-movie-quotes/-/popular-movie-quotes-1.2.4.tgz",
      "integrity": "sha512-YOwjB6cKq+RIwbrlPONH0jP14XoBfSHtBGWxm+ZQGGvHLKYBhdoaPZcTBZgC+HV7xY4W4GTQO2Wj7Go5hP1n/w=="
    },
    "quote": {
      "version": "0.4.0",
      "resolved": "https://registry.npmjs.org/quote/-/quote-0.4.0.tgz",
      "integrity": "sha1-EIOSF/bBNiuJGUBE0psjP9fzLwE="
    },
    "strip-ansi": {
      "version": "3.0.1",
      "resolved": "https://registry.npmjs.org/strip-ansi/-/strip-ansi-3.0.1.tgz",
      "integrity": "sha1-ajhfuIU9lS1f8F0Oiq+UJ43GPc8=",
      "requires": {
        "ansi-regex": "^2.0.0"
      }
    },
    "superheroes": {
      "version": "3.0.0",
      "resolved": "https://registry.npmjs.org/superheroes/-/superheroes-3.0.0.tgz",
      "integrity": "sha512-XXXzeKHMnf0rmZItYkGU803JlqYpoxvxzKFoe6k8C4bolcKfLZH716Rm4DyNJhxPTurbzDEB/QC7TXGsoei+ew==",
      "requires": {
        "unique-random-array": "^2.0.0"
      }
    },
    "superheroes-quote": {
      "version": "1.0.1",
      "resolved": "https://registry.npmjs.org/superheroes-quote/-/superheroes-quote-1.0.1.tgz",
      "integrity": "sha1-tuWZKyKXAOwsPGYzOcgYFXBz9xI=",
      "requires": {
        "chalk": "^1.1.3",
        "lodash": "^4.17.2"
      }
    },
    "supervillains": {
      "version": "3.0.0",
      "resolved": "https://registry.npmjs.org/supervillains/-/supervillains-3.0.0.tgz",
      "integrity": "sha512-L3vram05h2SLW8eeHff0JmXA+P0kYI/Be9t5JXLFmV7vJ3tnBC1es5Sg0ym70CgeolowMObR5Jl+xpEv5bSvZg==",
      "requires": {
        "unique-random-array": "^2.0.0"
      }
    },
    "supports-color": {
      "version": "2.0.0",
      "resolved": "https://registry.npmjs.org/supports-color/-/supports-color-2.0.0.tgz",
      "integrity": "sha1-U10EXOa2Nj+kARcIRimZXp3zJMc="
    },
    "unique-random": {
      "version": "2.1.0",
      "resolved": "https://registry.npmjs.org/unique-random/-/unique-random-2.1.0.tgz",
      "integrity": "sha512-iQ1ZgWac3b8YxGThecQFRQiqgk6xFERRwHZIWeVVsqlbmgCRl0PY13R4mUkodNgctmg5b5odG1nyW/IbOxQTqg=="
    },
    "unique-random-array": {
      "version": "2.0.0",
      "resolved": "https://registry.npmjs.org/unique-random-array/-/unique-random-array-2.0.0.tgz",
      "integrity": "sha512-xR87O95fZ7hljw84J8r1YDXrvffPLWN513BNOP4Bv0KcgG5dyEUrHwsvP7mVAOKg4Y80uqRbpUk0GKr8il70qg==",
      "requires": {
        "unique-random": "^2.1.0"
      }
    }
  }
}
